github.com/nunocoracao/blowfish/v2 v2.93.0 h1:Icew7jladCzzfEVFmxP8rZWodDdE2moPAJZhfJvT8vU=
github.com/nunocoracao/blowfish/v2 v2.93.0/go.mod h1:4SkMc+Ht8gpQCwArqiHMBDP3soxi2OWuAhVney+cuyk=
github.com/nunocoracao/blowfish/v2 v2.97.0 h1:ofFBkTQKFDnM5/XVLReuJ6KPzLQFwscEg0dYEebWXvw=
github.com/nunocoracao/blowfish/v2 v2.97.0/go.mod h1:4SkMc+Ht8gpQCwArqiHMBDP3soxi2OWuAhVney+cuyk=
github.com/nunocoracao/blowfish/v2 v2.104.0 h1:MvLRRPC2Bi56EkzVZI+3q1WZZe++qPut5lv/QPfwYsE=
github.com/nunocoracao/blowfish/v2 v2.104.0/go.mod h1:4SkMc+Ht8gpQCwArqiHMBDP3soxi2OWuAhVney+cuyk=
github.com/nunocoracao/blowfish/v2 v2.106.0 h1:eIEF+HITN4VdKyZjYWSlfXyH6uCHCq4MMWu616MDWUA=
github.com/nunocoracao/blowfish/v2 v2.106.0/go.mod h1:4SkMc+Ht8gpQCwArqiHMBDP3soxi2OWuAhVney+cuyk=
